
Microsoft Visual Studio Solution File, Format Version 12.00
# Visual Studio Version 17
VisualStudioVersion = 17.0.31903.59
MinimumVisualStudioVersion = 10.0.40219.1
Project("{FAE04EC0-301F-11D3-BF4B-00C04F79EFBC}") = "AlexandreHtrb.AvaloniaUITest", "AlexandreHtrb.AvaloniaUITest\AlexandreHtrb.AvaloniaUITest.csproj", "{AA208A6B-836C-4CC1-8806-1884B2687E15}"
EndProject
Project("{FAE04EC0-301F-11D3-BF4B-00C04F79EFBC}") = "AlexandreHtrb.AvaloniaUITest.Example", "AlexandreHtrb.AvaloniaUITest.Example\AlexandreHtrb.AvaloniaUITest.Example.csproj", "{B246063F-8A4A-4DEC-A9FF-43869EC4724B}"
EndProject
Global
	GlobalSection(SolutionConfigurationPlatforms) = preSolution
		Debug|Any CPU = Debug|Any CPU
		Release|Any CPU = Release|Any CPU
	EndGlobalSection
	GlobalSection(SolutionProperties) = preSolution
		HideSolutionNode = FALSE
	EndGlobalSection
	GlobalSection(ProjectConfigurationPlatforms) = postSolution
		{AA208A6B-836C-4CC1-8806-1884B2687E15}.Debug|Any CPU.ActiveCfg = Debug|Any CPU
		{AA208A6B-836C-4CC1-8806-1884B2687E15}.Debug|Any CPU.Build.0 = Debug|Any CPU
		{AA208A6B-836C-4CC1-8806-1884B2687E15}.Release|Any CPU.ActiveCfg = Release|Any CPU
		{AA208A6B-836C-4CC1-8806-1884B2687E15}.Release|Any CPU.Build.0 = Release|Any CPU
		{B246063F-8A4A-4DEC-A9FF-43869EC4724B}.Debug|Any CPU.ActiveCfg = Debug|Any CPU
		{B246063F-8A4A-4DEC-A9FF-43869EC4724B}.Debug|Any CPU.Build.0 = Debug|Any CPU
		{B246063F-8A4A-4DEC-A9FF-43869EC4724B}.Release|Any CPU.ActiveCfg = Release|Any CPU
		{B246063F-8A4A-4DEC-A9FF-43869EC4724B}.Release|Any CPU.Build.0 = Release|Any CPU
	EndGlobalSection
EndGlobal
